// !$*UTF8*$!
{
	archiveVersion = 1;
	classes = {
	};
	objectVersion = 48;
	objects = {

/* Begin PBXBuildFile section */
		17057891203664DD00A49DD6 /* AppDelegate.swift in Sources */ = {isa = PBXBuildFile; fileRef = 17057890203664DD00A49DD6 /* AppDelegate.swift */; };
		17057893203664DD00A49DD6 /* ViewController.swift in Sources */ = {isa = PBXBuildFile; fileRef = 17057892203664DD00A49DD6 /* ViewController.swift */; };
		17057896203664DD00A49DD6 /* Main.storyboard in Resources */ = {isa = PBXBuildFile; fileRef = 17057894203664DD00A49DD6 /* Main.storyboard */; };
		17057898203664DD00A49DD6 /* Assets.xcassets in Resources */ = {isa = PBXBuildFile; fileRef = 17057897203664DD00A49DD6 /* Assets.xcassets */; };
		1705789B203664DD00A49DD6 /* LaunchScreen.storyboard in Resources */ = {isa = PBXBuildFile; fileRef = 17057899203664DD00A49DD6 /* LaunchScreen.storyboard */; };
		170578A0203664DD00A49DD6 /* gymcomp WatchKit App.app in Embed Watch Content */ = {isa = PBXBuildFile; fileRef = 1705789F203664DD00A49DD6 /* gymcomp WatchKit App.app */; };
		170578A6203664DD00A49DD6 /* Interface.storyboard in Resources */ = {isa = PBXBuildFile; fileRef = 170578A4203664DD00A49DD6 /* Interface.storyboard */; };
		170578A8203664DD00A49DD6 /* Assets.xcassets in Resources */ = {isa = PBXBuildFile; fileRef = 170578A7203664DD00A49DD6 /* Assets.xcassets */; };
		170578AF203664DD00A49DD6 /* gymcomp WatchKit Extension.appex in Embed App Extensions */ = {isa = PBXBuildFile; fileRef = 170578AE203664DD00A49DD6 /* gymcomp WatchKit Extension.appex */; settings = {ATTRIBUTES = (RemoveHeadersOnCopy, ); }; };
		170578B4203664DD00A49DD6 /* InterfaceController.swift in Sources */ = {isa = PBXBuildFile; fileRef = 170578B3203664DD00A49DD6 /* InterfaceController.swift */; };
		170578B6203664DD00A49DD6 /* ExtensionDelegate.swift in Sources */ = {isa = PBXBuildFile; fileRef = 170578B5203664DD00A49DD6 /* ExtensionDelegate.swift */; };
		170578B8203664DD00A49DD6 /* Assets.xcassets in Resources */ = {isa = PBXBuildFile; fileRef = 170578B7203664DD00A49DD6 /* Assets.xcassets */; };
/* End PBXBuildFile section */

/* Begin PBXContainerItemProxy section */
		170578A1203664DD00A49DD6 /* PBXContainerItemProxy */ = {
			isa = PBXContainerItemProxy;
			containerPortal = 17057885203664DD00A49DD6 /* Project object */;
			proxyType = 1;
			remoteGlobalIDString = 1705789E203664DD00A49DD6;
			remoteInfo = "gymcomp WatchKit App";
		};
		170578B0203664DD00A49DD6 /* PBXContainerItemProxy */ = {
			isa = PBXContainerItemProxy;
			containerPortal = 17057885203664DD00A49DD6 /* Project object */;
			proxyType = 1;
			remoteGlobalIDString = 170578AD203664DD00A49DD6;
			remoteInfo = "gymcomp WatchKit Extension";
		};
/* End PBXContainerItemProxy section */

/* Begin PBXCopyFilesBuildPhase section */
		170578BF203664DD00A49DD6 /* Embed App Extensions */ = {
			isa = PBXCopyFilesBuildPhase;
			buildActionMask = 2147483647;
			dstPath = "";
			dstSubfolderSpec = 13;
			files = (
				170578AF203664DD00A49DD6 /* gymcomp WatchKit Extension.appex in Embed App Extensions */,
			);
			name = "Embed App Extensions";
			runOnlyForDeploymentPostprocessing = 0;
		};
		170578C3203664DD00A49DD6 /* Embed Watch Content */ = {
			isa = PBXCopyFilesBuildPhase;
			buildActionMask = 2147483647;
			dstPath = "$(CONTENTS_FOLDER_PATH)/Watch";
			dstSubfolderSpec = 16;
			files = (
				170578A0203664DD00A49DD6 /* gymcomp WatchKit App.app in Embed Watch Content */,
			);
			name = "Embed Watch Content";
			runOnlyForDeploymentPostprocessing = 0;
		};
/* End PBXCopyFilesBuildPhase section */

/* Begin PBXFileReference section */
		1705788D203664DD00A49DD6 /* gymcomp.app */ = {isa = PBXFileReference; explicitFileType = wrapper.application; includeInIndex = 0; path = gymcomp.app; sourceTree = BUILT_PRODUCTS_DIR; };
		17057890203664DD00A49DD6 /* AppDelegate.swift */ = {isa = PBXFileReference; lastKnownFileType = sourcecode.swift; path = AppDelegate.swift; sourceTree = "<group>"; };
		17057892203664DD00A49DD6 /* ViewController.swift */ = {isa = PBXFileReference; lastKnownFileType = sourcecode.swift; path = ViewController.swift; sourceTree = "<group>"; };
		17057895203664DD00A49DD6 /* Base */ = {isa = PBXFileReference; lastKnownFileType = file.storyboard; name = Base; path = Base.lproj/Main.storyboard; sourceTree = "<group>"; };
		17057897203664DD00A49DD6 /* Assets.xcassets */ = {isa = PBXFileReference; lastKnownFileType = folder.assetcatalog; path = Assets.xcassets; sourceTree = "<group>"; };
		1705789A203664DD00A49DD6 /* Base */ = {isa = PBXFileReference; lastKnownFileType = file.storyboard; name = Base; path = Base.lproj/LaunchScreen.storyboard; sourceTree = "<group>"; };
		1705789C203664DD00A49DD6 /* Info.plist */ = {isa = PBXFileReference; lastKnownFileType = text.plist.xml; path = Info.plist; sourceTree = "<group>"; };
		1705789F203664DD00A49DD6 /* gymcomp WatchKit App.app */ = {isa = PBXFileReference; explicitFileType = wrapper.application; includeInIndex = 0; path = "gymcomp WatchKit App.app"; sourceTree = BUILT_PRODUCTS_DIR; };
		170578A5203664DD00A49DD6 /* Base */ = {isa = PBXFileReference; lastKnownFileType = file.storyboard; name = Base; path = Base.lproj/Interface.storyboard; sourceTree = "<group>"; };
		170578A7203664DD00A49DD6 /* Assets.xcassets */ = {isa = PBXFileReference; lastKnownFileType = folder.assetcatalog; path = Assets.xcassets; sourceTree = "<group>"; };
		170578A9203664DD00A49DD6 /* Info.plist */ = {isa = PBXFileReference; lastKnownFileType = text.plist.xml; path = Info.plist; sourceTree = "<group>"; };
		170578AE203664DD00A49DD6 /* gymcomp WatchKit Extension.appex */ = {isa = PBXFileReference; explicitFileType = "wrapper.app-extension"; includeInIndex = 0; path = "gymcomp WatchKit Extension.appex"; sourceTree = BUILT_PRODUCTS_DIR; };
		170578B3203664DD00A49DD6 /* InterfaceController.swift */ = {isa = PBXFileReference; lastKnownFileType = sourcecode.swift; path = InterfaceController.swift; sourceTree = "<group>"; };
		170578B5203664DD00A49DD6 /* ExtensionDelegate.swift */ = {isa = PBXFileReference; lastKnownFileType = sourcecode.swift; path = ExtensionDelegate.swift; sourceTree = "<group>"; };
		170578B7203664DD00A49DD6 /* Assets.xcassets */ = {isa = PBXFileReference; lastKnownFileType = folder.assetcatalog; path = Assets.xcassets; sourceTree = "<group>"; };
		170578B9203664DD00A49DD6 /* Info.plist */ = {isa = PBXFileReference; lastKnownFileType = text.plist.xml; path = Info.plist; sourceTree = "<group>"; };
/* End PBXFileReference section */

/* Begin PBXFrameworksBuildPhase section */
		1705788A203664DD00A49DD6 /* Frameworks */ = {
			isa = PBXFrameworksBuildPhase;
			buildActionMask = 2147483647;
			files = (
			);
			runOnlyForDeploymentPostprocessing = 0;
		};
		170578AB203664DD00A49DD6 /* Frameworks */ = {
			isa = PBXFrameworksBuildPhase;
			buildActionMask = 2147483647;
			files = (
			);
			runOnlyForDeploymentPostprocessing = 0;
		};
/* End PBXFrameworksBuildPhase section */

/* Begin PBXGroup section */
		17057884203664DD00A49DD6 = {
			isa = PBXGroup;
			children = (
				1705788F203664DD00A49DD6 /* gymcomp */,
				170578A3203664DD00A49DD6 /* gymcomp WatchKit App */,
				170578B2203664DD00A49DD6 /* gymcomp WatchKit Extension */,
				1705788E203664DD00A49DD6 /* Products */,
			);
			sourceTree = "<group>";
		};
		1705788E203664DD00A49DD6 /* Products */ = {
			isa = PBXGroup;
			children = (
				1705788D203664DD00A49DD6 /* gymcomp.app */,
				1705789F203664DD00A49DD6 /* gymcomp WatchKit App.app */,
				170578AE203664DD00A49DD6 /* gymcomp WatchKit Extension.appex */,
			);
			name = Products;
			sourceTree = "<group>";
		};
		1705788F203664DD00A49DD6 /* gymcomp */ = {
			isa = PBXGroup;
			children = (
				17057890203664DD00A49DD6 /* AppDelegate.swift */,
				17057892203664DD00A49DD6 /* ViewController.swift */,
				17057894203664DD00A49DD6 /* Main.storyboard */,
				17057897203664DD00A49DD6 /* Assets.xcassets */,
				17057899203664DD00A49DD6 /* LaunchScreen.storyboard */,
				1705789C203664DD00A49DD6 /* Info.plist */,
			);
			path = gymcomp;
			sourceTree = "<group>";
		};
		170578A3203664DD00A49DD6 /* gymcomp WatchKit App */ = {
			isa = PBXGroup;
			children = (
				170578A4203664DD00A49DD6 /* Interface.storyboard */,
				170578A7203664DD00A49DD6 /* Assets.xcassets */,
				170578A9203664DD00A49DD6 /* Info.plist */,
			);
			path = "gymcomp WatchKit App";
			sourceTree = "<group>";
		};
		170578B2203664DD00A49DD6 /* gymcomp WatchKit Extension */ = {
			isa = PBXGroup;
			children = (
				170578B3203664DD00A49DD6 /* InterfaceController.swift */,
				170578B5203664DD00A49DD6 /* ExtensionDelegate.swift */,
				170578B7203664DD00A49DD6 /* Assets.xcassets */,
				170578B9203664DD00A49DD6 /* Info.plist */,
			);
			path = "gymcomp WatchKit Extension";
			sourceTree = "<group>";
		};
/* End PBXGroup section */

/* Begin PBXNativeTarget section */
		1705788C203664DD00A49DD6 /* gymcomp */ = {
			isa = PBXNativeTarget;
			buildConfigurationList = 170578C4203664DD00A49DD6 /* Build configuration list for PBXNativeTarget "gymcomp" */;
			buildPhases = (
				17057889203664DD00A49DD6 /* Sources */,
				1705788A203664DD00A49DD6 /* Frameworks */,
				1705788B203664DD00A49DD6 /* Resources */,
				170578C3203664DD00A49DD6 /* Embed Watch Content */,
			);
			buildRules = (
			);
			dependencies = (
				170578A2203664DD00A49DD6 /* PBXTargetDependency */,
			);
			name = gymcomp;
			productName = gymcomp;
			productReference = 1705788D203664DD00A49DD6 /* gymcomp.app */;
			productType = "com.apple.product-type.application";
		};
		1705789E203664DD00A49DD6 /* gymcomp WatchKit App */ = {
			isa = PBXNativeTarget;
			buildConfigurationList = 170578C0203664DD00A49DD6 /* Build configuration list for PBXNativeTarget "gymcomp WatchKit App" */;
			buildPhases = (
				1705789D203664DD00A49DD6 /* Resources */,
				170578BF203664DD00A49DD6 /* Embed App Extensions */,
			);
			buildRules = (
			);
			dependencies = (
				170578B1203664DD00A49DD6 /* PBXTargetDependency */,
			);
			name = "gymcomp WatchKit App";
			productName = "gymcomp WatchKit App";
			productReference = 1705789F203664DD00A49DD6 /* gymcomp WatchKit App.app */;
			productType = "com.apple.product-type.application.watchapp2";
		};
		170578AD203664DD00A49DD6 /* gymcomp WatchKit Extension */ = {
			isa = PBXNativeTarget;
			buildConfigurationList = 170578BC203664DD00A49DD6 /* Build configuration list for PBXNativeTarget "gymcomp WatchKit Extension" */;
			buildPhases = (
				170578AA203664DD00A49DD6 /* Sources */,
				170578AB203664DD00A49DD6 /* Frameworks */,
				170578AC203664DD00A49DD6 /* Resources */,
			);
			buildRules = (
			);
			dependencies = (
			);
			name = "gymcomp WatchKit Extension";
			productName = "gymcomp WatchKit Extension";
			productReference = 170578AE203664DD00A49DD6 /* gymcomp WatchKit Extension.appex */;
			productType = "com.apple.product-type.watchkit2-extension";
		};
/* End PBXNativeTarget section */

/* Begin PBXProject section */
		17057885203664DD00A49DD6 /* Project object */ = {
			isa = PBXProject;
			attributes = {
				LastSwiftUpdateCheck = 0920;
				LastUpgradeCheck = 0920;
				ORGANIZATIONNAME = codebytom;
				TargetAttributes = {
					1705788C203664DD00A49DD6 = {
						CreatedOnToolsVersion = 9.2;
						ProvisioningStyle = Automatic;
					};
					1705789E203664DD00A49DD6 = {
						CreatedOnToolsVersion = 9.2;
						ProvisioningStyle = Automatic;
					};
					170578AD203664DD00A49DD6 = {
						CreatedOnToolsVersion = 9.2;
						ProvisioningStyle = Automatic;
					};
				};
			};
			buildConfigurationList = 17057888203664DD00A49DD6 /* Build configuration list for PBXProject "gymcomp" */;
			compatibilityVersion = "Xcode 8.0";
			developmentRegion = en;
			hasScannedForEncodings = 0;
			knownRegions = (
				en,
				Base,
			);
			mainGroup = 17057884203664DD00A49DD6;
			productRefGroup = 1705788E203664DD00A49DD6 /* Products */;
			projectDirPath = "";
			projectRoot = "";
			targets = (
				1705788C203664DD00A49DD6 /* gymcomp */,
				1705789E203664DD00A49DD6 /* gymcomp WatchKit App */,
				170578AD203664DD00A49DD6 /* gymcomp WatchKit Extension */,
			);
		};
/* End PBXProject section */

/* Begin PBXResourcesBuildPhase section */
		1705788B203664DD00A49DD6 /* Resources */ = {
			isa = PBXResourcesBuildPhase;
			buildActionMask = 2147483647;
			files = (
				1705789B203664DD00A49DD6 /* LaunchScreen.storyboard in Resources */,
				17057898203664DD00A49DD6 /* Assets.xcassets in Resources */,
				17057896203664DD00A49DD6 /* Main.storyboard in Resources */,
			);
			runOnlyForDeploymentPostprocessing = 0;
		};
		1705789D203664DD00A49DD6 /* Resources */ = {
			isa = PBXResourcesBuildPhase;
			buildActionMask = 2147483647;
			files = (
				170578A8203664DD00A49DD6 /* Assets.xcassets in Resources */,
				170578A6203664DD00A49DD6 /* Interface.storyboard in Resources */,
			);
			runOnlyForDeploymentPostprocessing = 0;
		};
		170578AC203664DD00A49DD6 /* Resources */ = {
			isa = PBXResourcesBuildPhase;
			buildActionMask = 2147483647;
			files = (
				170578B8203664DD00A49DD6 /* Assets.xcassets in Resources */,
			);
			runOnlyForDeploymentPostprocessing = 0;
		};
/* End PBXResourcesBuildPhase section */

/* Begin PBXSourcesBuildPhase section */
		17057889203664DD00A49DD6 /* Sources */ = {
			isa = PBXSourcesBuildPhase;
			buildActionMask = 2147483647;
			files = (
				17057893203664DD00A49DD6 /* ViewController.swift in Sources */,
				17057891203664DD00A49DD6 /* AppDelegate.swift in Sources */,
			);
			runOnlyForDeploymentPostprocessing = 0;
		};
		170578AA203664DD00A49DD6 /* Sources */ = {
			isa = PBXSourcesBuildPhase;
			buildActionMask = 2147483647;
			files = (
				170578B6203664DD00A49DD6 /* ExtensionDelegate.swift in Sources */,
				170578B4203664DD00A49DD6 /* InterfaceController.swift in Sources */,
			);
			runOnlyForDeploymentPostprocessing = 0;
		};
/* End PBXSourcesBuildPhase section */

/* Begin PBXTargetDependency section */
		170578A2203664DD00A49DD6 /* PBXTargetDependency */ = {
			isa = PBXTargetDependency;
			target = 1705789E203664DD00A49DD6 /* gymcomp WatchKit App */;
			targetProxy = 170578A1203664DD00A49DD6 /* PBXContainerItemProxy */;
		};
		170578B1203664DD00A49DD6 /* PBXTargetDependency */ = {
			isa = PBXTargetDependency;
			target = 170578AD203664DD00A49DD6 /* gymcomp WatchKit Extension */;
			targetProxy = 170578B0203664DD00A49DD6 /* PBXContainerItemProxy */;
		};
/* End PBXTargetDependency section */

/* Begin PBXVariantGroup section */
		17057894203664DD00A49DD6 /* Main.storyboard */ = {
			isa = PBXVariantGroup;
			children = (
				17057895203664DD00A49DD6 /* Base */,
			);
			name = Main.storyboard;
			sourceTree = "<group>";
		};
		17057899203664DD00A49DD6 /* LaunchScreen.storyboard */ = {
			isa = PBXVariantGroup;
			children = (
				1705789A203664DD00A49DD6 /* Base */,
			);
			name = LaunchScreen.storyboard;
			sourceTree = "<group>";
		};
		170578A4203664DD00A49DD6 /* Interface.storyboard */ = {
			isa = PBXVariantGroup;
			children = (
				170578A5203664DD00A49DD6 /* Base */,
			);
			name = Interface.storyboard;
			sourceTree = "<group>";
		};
/* End PBXVariantGroup section */

/* Begin XCBuildConfiguration section */
		170578BA203664DD00A49DD6 /* Debug */ = {
			isa = XCBuildConfiguration;
			buildSettings = {
				ALWAYS_SEARCH_USER_PATHS = NO;
				CLANG_ANALYZER_NONNULL = YES;
				CLANG_ANALYZER_NUMBER_OBJECT_CONVERSION = YES_AGGRESSIVE;
				CLANG_CXX_LANGUAGE_STANDARD = "gnu++14";
				CLANG_CXX_LIBRARY = "libc++";
				CLANG_ENABLE_MODULES = YES;
				CLANG_ENABLE_OBJC_ARC = YES;
				CLANG_WARN_BLOCK_CAPTURE_AUTORELEASING = YES;
				CLANG_WARN_BOOL_CONVERSION = YES;
				CLANG_WARN_COMMA = YES;
				CLANG_WARN_CONSTANT_CONVERSION = YES;
				CLANG_WARN_DIRECT_OBJC_ISA_USAGE = YES_ERROR;
				CLANG_WARN_DOCUMENTATION_COMMENTS = YES;
				CLANG_WARN_EMPTY_BODY = YES;
				CLANG_WARN_ENUM_CONVERSION = YES;
				CLANG_WARN_INFINITE_RECURSION = YES;
				CLANG_WARN_INT_CONVERSION = YES;
				CLANG_WARN_NON_LITERAL_NULL_CONVERSION = YES;
				CLANG_WARN_OBJC_LITERAL_CONVERSION = YES;
				CLANG_WARN_OBJC_ROOT_CLASS = YES_ERROR;
				CLANG_WARN_RANGE_LOOP_ANALYSIS = YES;
				CLANG_WARN_STRICT_PROTOTYPES = YES;
				CLANG_WARN_SUSPICIOUS_MOVE = YES;
				CLANG_WARN_UNGUARDED_AVAILABILITY = YES_AGGRESSIVE;
				CLANG_WARN_UNREACHABLE_CODE = YES;
				CLANG_WARN__DUPLICATE_METHOD_MATCH = YES;
				CODE_SIGN_IDENTITY = "iPhone Developer";
				COPY_PHASE_STRIP = NO;
				DEBUG_INFORMATION_FORMAT = dwarf;
				ENABLE_STRICT_OBJC_MSGSEND = YES;
				ENABLE_TESTABILITY = YES;
				GCC_C_LANGUAGE_STANDARD = gnu11;
				GCC_DYNAMIC_NO_PIC = NO;
				GCC_NO_COMMON_BLOCKS = YES;
				GCC_OPTIMIZATION_LEVEL = 0;
				GCC_PREPROCESSOR_DEFINITIONS = (
					"DEBUG=1",
					"$(inherited)",
				);
				GCC_WARN_64_TO_32_BIT_CONVERSION = YES;
				GCC_WARN_ABOUT_RETURN_TYPE = YES_ERROR;
				GCC_WARN_UNDECLARED_SELECTOR = YES;
				GCC_WARN_UNINITIALIZED_AUTOS = YES_AGGRESSIVE;
				GCC_WARN_UNUSED_FUNCTION = YES;
				GCC_WARN_UNUSED_VARIABLE = YES;
				IPHONEOS_DEPLOYMENT_TARGET = 11.2;
				MTL_ENABLE_DEBUG_INFO = YES;
				ONLY_ACTIVE_ARCH = YES;
				SDKROOT = iphoneos;
				SWIFT_ACTIVE_COMPILATION_CONDITIONS = DEBUG;
				SWIFT_OPTIMIZATION_LEVEL = "-Onone";
			};
			name = Debug;
		};
		170578BB203664DD00A49DD6 /* Release */ = {
			isa = XCBuildConfiguration;
			buildSettings = {
				ALWAYS_SEARCH_USER_PATHS = NO;
				CLANG_ANALYZER_NONNULL = YES;
				CLANG_ANALYZER_NUMBER_OBJECT_CONVERSION = YES_AGGRESSIVE;
				CLANG_CXX_LANGUAGE_STANDARD = "gnu++14";
				CLANG_CXX_LIBRARY = "libc++";
				CLANG_ENABLE_MODULES = YES;
				CLANG_ENABLE_OBJC_ARC = YES;
				CLANG_WARN_BLOCK_CAPTURE_AUTORELEASING = YES;
				CLANG_WARN_BOOL_CONVERSION = YES;
				CLANG_WARN_COMMA = YES;
				CLANG_WARN_CONSTANT_CONVERSION = YES;
				CLANG_WARN_DIRECT_OBJC_ISA_USAGE = YES_ERROR;
				CLANG_WARN_DOCUMENTATION_COMMENTS = YES;
				CLANG_WARN_EMPTY_BODY = YES;
				CLANG_WARN_ENUM_CONVERSION = YES;
				CLANG_WARN_INFINITE_RECURSION = YES;
				CLANG_WARN_INT_CONVERSION = YES;
				CLANG_WARN_NON_LITERAL_NULL_CONVERSION = YES;
				CLANG_WARN_OBJC_LITERAL_CONVERSION = YES;
				CLANG_WARN_OBJC_ROOT_CLASS = YES_ERROR;
				CLANG_WARN_RANGE_LOOP_ANALYSIS = YES;
				CLANG_WARN_STRICT_PROTOTYPES = YES;
				CLANG_WARN_SUSPICIOUS_MOVE = YES;
				CLANG_WARN_UNGUARDED_AVAILABILITY = YES_AGGRESSIVE;
				CLANG_WARN_UNREACHABLE_CODE = YES;
				CLANG_WARN__DUPLICATE_METHOD_MATCH = YES;
				CODE_SIGN_IDENTITY = "iPhone Developer";
				COPY_PHASE_STRIP = NO;
				DEBUG_INFORMATION_FORMAT = "dwarf-with-dsym";
				ENABLE_NS_ASSERTIONS = NO;
				ENABLE_STRICT_OBJC_MSGSEND = YES;
				GCC_C_LANGUAGE_STANDARD = gnu11;
				GCC_NO_COMMON_BLOCKS = YES;
				GCC_WARN_64_TO_32_BIT_CONVERSION = YES;
				GCC_WARN_ABOUT_RETURN_TYPE = YES_ERROR;
				GCC_WARN_UNDECLARED_SELECTOR = YES;
				GCC_WARN_UNINITIALIZED_AUTOS = YES_AGGRESSIVE;
				GCC_WARN_UNUSED_FUNCTION = YES;
				GCC_WARN_UNUSED_VARIABLE = YES;
				IPHONEOS_DEPLOYMENT_TARGET = 11.2;
				MTL_ENABLE_DEBUG_INFO = NO;
				SDKROOT = iphoneos;
				SWIFT_OPTIMIZATION_LEVEL = "-Owholemodule";
				VALIDATE_PRODUCT = YES;
			};
			name = Release;
		};
		170578BD203664DD00A49DD6 /* Debug */ = {
			isa = XCBuildConfiguration;
			buildSettings = {
				ASSETCATALOG_COMPILER_COMPLICATION_NAME = Complication;
				CODE_SIGN_STYLE = Automatic;
				DEVELOPMENT_TEAM = YSQ42BB2NA;
				INFOPLIST_FILE = "gymcomp WatchKit Extension/Info.plist";
				LD_RUNPATH_SEARCH_PATHS = "$(inherited) @executable_path/Frameworks @executable_path/../../Frameworks";
				PRODUCT_BUNDLE_IDENTIFIER = com.codebytom.gymcomp.watchkitapp.watchkitextension;
				PRODUCT_NAME = "${TARGET_NAME}";
				SDKROOT = watchos;
				SKIP_INSTALL = YES;
				SWIFT_VERSION = 4.0;
				TARGETED_DEVICE_FAMILY = 4;
				WATCHOS_DEPLOYMENT_TARGET = 4.2;
			};
			name = Debug;
		};
		170578BE203664DD00A49DD6 /* Release */ = {
			isa = XCBuildConfiguration;
			buildSettings = {
				ASSETCATALOG_COMPILER_COMPLICATION_NAME = Complication;
				CODE_SIGN_STYLE = Automatic;
				DEVELOPMENT_TEAM = YSQ42BB2NA;
				INFOPLIST_FILE = "gymcomp WatchKit Extension/Info.plist";
				LD_RUNPATH_SEARCH_PATHS = "$(inherited) @executable_path/Frameworks @executable_path/../../Frameworks";
				PRODUCT_BUNDLE_IDENTIFIER = com.codebytom.gymcomp.watchkitapp.watchkitextension;
				PRODUCT_NAME = "${TARGET_NAME}";
				SDKROOT = watchos;
				SKIP_INSTALL = YES;
				SWIFT_VERSION = 4.0;
				TARGETED_DEVICE_FAMILY = 4;
				WATCHOS_DEPLOYMENT_TARGET = 4.2;
			};
			name = Release;
		};
		170578C1203664DD00A49DD6 /* Debug */ = {
			isa = XCBuildConfiguration;
			buildSettings = {
				ALWAYS_EMBED_SWIFT_STANDARD_LIBRARIES = YES;
				ASSETCATALOG_COMPILER_APPICON_NAME = AppIcon;
				CODE_SIGN_STYLE = Automatic;
				DEVELOPMENT_TEAM = YSQ42BB2NA;
				IBSC_MODULE = gymcomp_WatchKit_Extension;
				INFOPLIST_FILE = "gymcomp WatchKit App/Info.plist";
				PRODUCT_BUNDLE_IDENTIFIER = com.codebytom.gymcomp.watchkitapp;
				PRODUCT_NAME = "$(TARGET_NAME)";
				SDKROOT = watchos;
				SKIP_INSTALL = YES;
				SWIFT_VERSION = 4.0;
				TARGETED_DEVICE_FAMILY = 4;
				WATCHOS_DEPLOYMENT_TARGET = 4.2;
			};
			name = Debug;
		};
		170578C2203664DD00A49DD6 /* Release */ = {
			isa = XCBuildConfiguration;
			buildSettings = {
				ALWAYS_EMBED_SWIFT_STANDARD_LIBRARIES = YES;
				ASSETCATALOG_COMPILER_APPICON_NAME = AppIcon;
				CODE_SIGN_STYLE = Automatic;
				DEVELOPMENT_TEAM = YSQ42BB2NA;
				IBSC_MODULE = gymcomp_WatchKit_Extension;
				INFOPLIST_FILE = "gymcomp WatchKit App/Info.plist";
				PRODUCT_BUNDLE_IDENTIFIER = com.codebytom.gymcomp.watchkitapp;
				PRODUCT_NAME = "$(TARGET_NAME)";
				SDKROOT = watchos;
				SKIP_INSTALL = YES;
				SWIFT_VERSION = 4.0;
				TARGETED_DEVICE_FAMILY = 4;
				WATCHOS_DEPLOYMENT_TARGET = 4.2;
			};
			name = Release;
		};
		170578C5203664DD00A49DD6 /* Debug */ = {
			isa = XCBuildConfiguration;
			buildSettings = {
				ASSETCATALOG_COMPILER_APPICON_NAME = AppIcon;
				CODE_SIGN_STYLE = Automatic;
				DEVELOPMENT_TEAM = YSQ42BB2NA;
				INFOPLIST_FILE = gymcomp/Info.plist;
				LD_RUNPATH_SEARCH_PATHS = "$(inherited) @executable_path/Frameworks";
				PRODUCT_BUNDLE_IDENTIFIER = com.codebytom.gymcomp;
				PRODUCT_NAME = "$(TARGET_NAME)";
				SWIFT_VERSION = 4.0;
				TARGETED_DEVICE_FAMILY = "1,2";
			};
			name = Debug;
		};
		170578C6203664DD00A49DD6 /* Release */ = {
			isa = XCBuildConfiguration;
			buildSettings = {
				ASSETCATALOG_COMPILER_APPICON_NAME = AppIcon;
				CODE_SIGN_STYLE = Automatic;
				DEVELOPMENT_TEAM = YSQ42BB2NA;
				INFOPLIST_FILE = gymcomp/Info.plist;
				LD_RUNPATH_SEARCH_PATHS = "$(inherited) @executable_path/Frameworks";
				PRODUCT_BUNDLE_IDENTIFIER = com.codebytom.gymcomp;
				PRODUCT_NAME = "$(TARGET_NAME)";
				SWIFT_VERSION = 4.0;
				TARGETED_DEVICE_FAMILY = "1,2";
			};
			name = Release;
		};
/* End XCBuildConfiguration section */

/* Begin XCConfigurationList section */
		17057888203664DD00A49DD6 /* Build configuration list for PBXProject "gymcomp" */ = {
			isa = XCConfigurationList;
			buildConfigurations = (
				170578BA203664DD00A49DD6 /* Debug */,
				170578BB203664DD00A49DD6 /* Release */,
			);
			defaultConfigurationIsVisible = 0;
			defaultConfigurationName = Release;
		};
		170578BC203664DD00A49DD6 /* Build configuration list for PBXNativeTarget "gymcomp WatchKit Extension" */ = {
			isa = XCConfigurationList;
			buildConfigurations = (
				170578BD203664DD00A49DD6 /* Debug */,
				170578BE203664DD00A49DD6 /* Release */,
			);
			defaultConfigurationIsVisible = 0;
			defaultConfigurationName = Release;
		};
		170578C0203664DD00A49DD6 /* Build configuration list for PBXNativeTarget "gymcomp WatchKit App" */ = {
			isa = XCConfigurationList;
			buildConfigurations = (
				170578C1203664DD00A49DD6 /* Debug */,
				170578C2203664DD00A49DD6 /* Release */,
			);
			defaultConfigurationIsVisible = 0;
			defaultConfigurationName = Release;
		};
		170578C4203664DD00A49DD6 /* Build configuration list for PBXNativeTarget "gymcomp" */ = {
			isa = XCConfigurationList;
			buildConfigurations = (
				170578C5203664DD00A49DD6 /* Debug */,
				170578C6203664DD00A49DD6 /* Release */,
			);
			defaultConfigurationIsVisible = 0;
			defaultConfigurationName = Release;
		};
/* End XCConfigurationList section */
	};
	rootObject = 17057885203664DD00A49DD6 /* Project object */;
}
